
Microsoft Visual Studio Solution File, Format Version 12.00
# Visual Studio 2013
VisualStudioVersion = 12.0.21005.1
MinimumVisualStudioVersion = 10.0.40219.1
Project("{FAE04EC0-301F-11D3-BF4B-00C04F79EFBC}") = "Bank", "Bank\Bank.csproj", "{2DEB4DD1-E9CB-45A3-8D12-C055641BC8A8}"
EndProject
Project("{FAE04EC0-301F-11D3-BF4B-00C04F79EFBC}") = "BankDAL", "BankDAL\BankDAL.csproj", "{F5D15DD7-9580-4352-9001-B4D97E006C64}"
EndProject
Project("{FAE04EC0-301F-11D3-BF4B-00C04F79EFBC}") = "BankBLL", "BankBLL\BankBLL.csproj", "{27055305-928B-4EAB-8625-86F3B8768E73}"
EndProject
Project("{FAE04EC0-301F-11D3-BF4B-00C04F79EFBC}") = "UnitTests", "UnitTests\UnitTests.csproj", "{B518191A-7CD8-46B7-8C71-F8BD1FD5133F}"
EndProject
Global
	GlobalSection(SolutionConfigurationPlatforms) = preSolution
		Debug|Any CPU = Debug|Any CPU
		Release|Any CPU = Release|Any CPU
	EndGlobalSection
	GlobalSection(ProjectConfigurationPlatforms) = postSolution
		{2DEB4DD1-E9CB-45A3-8D12-C055641BC8A8}.Debug|Any CPU.ActiveCfg = Debug|Any CPU
		{2DEB4DD1-E9CB-45A3-8D12-C055641BC8A8}.Debug|Any CPU.Build.0 = Debug|Any CPU
		{2DEB4DD1-E9CB-45A3-8D12-C055641BC8A8}.Release|Any CPU.ActiveCfg = Release|Any CPU
		{2DEB4DD1-E9CB-45A3-8D12-C055641BC8A8}.Release|Any CPU.Build.0 = Release|Any CPU
		{F5D15DD7-9580-4352-9001-B4D97E006C64}.Debug|Any CPU.ActiveCfg = Debug|Any CPU
		{F5D15DD7-9580-4352-9001-B4D97E006C64}.Debug|Any CPU.Build.0 = Debug|Any CPU
		{F5D15DD7-9580-4352-9001-B4D97E006C64}.Release|Any CPU.ActiveCfg = Release|Any CPU
		{F5D15DD7-9580-4352-9001-B4D97E006C64}.Release|Any CPU.Build.0 = Release|Any CPU
		{27055305-928B-4EAB-8625-86F3B8768E73}.Debug|Any CPU.ActiveCfg = Debug|Any CPU
		{27055305-928B-4EAB-8625-86F3B8768E73}.Debug|Any CPU.Build.0 = Debug|Any CPU
		{27055305-928B-4EAB-8625-86F3B8768E73}.Release|Any CPU.ActiveCfg = Release|Any CPU
		{27055305-928B-4EAB-8625-86F3B8768E73}.Release|Any CPU.Build.0 = Release|Any CPU
		{B518191A-7CD8-46B7-8C71-F8BD1FD5133F}.Debug|Any CPU.ActiveCfg = Debug|Any CPU
		{B518191A-7CD8-46B7-8C71-F8BD1FD5133F}.Debug|Any CPU.Build.0 = Debug|Any CPU
		{B518191A-7CD8-46B7-8C71-F8BD1FD5133F}.Release|Any CPU.ActiveCfg = Release|Any CPU
		{B518191A-7CD8-46B7-8C71-F8BD1FD5133F}.Release|Any CPU.Build.0 = Release|Any CPU
	EndGlobalSection
	GlobalSection(SolutionProperties) = preSolution
		HideSolutionNode = FALSE
	EndGlobalSection
EndGlobal
